
Microsoft Visual Studio Solution File, Format Version 11.00
# Visual Studio 2010
Project("{FAE04EC0-301F-11D3-BF4B-00C04F79EFBC}") = "MusicOre", "MusicOre\MusicOre.csproj", "{a59921c9-b4d1-4d58-b42b-35010922323c}"
EndProject
Global
	GlobalSection(SolutionConfigurationPlatforms) = preSolution
		Debug|Any CPU = Debug|Any CPU
		Release|Any CPU = Release|Any CPU
	EndGlobalSection
	GlobalSection(ProjectConfigurationPlatforms) = postSolution
		{A59921C9-B4D1-4D58-B42B-35010922323C}.Debug|Any CPU.ActiveCfg = Debug|Any CPU
		{A59921C9-B4D1-4D58-B42B-35010922323C}.Debug|Any CPU.Build.0 = Debug|Any CPU
		{A59921C9-B4D1-4D58-B42B-35010922323C}.Release|Any CPU.ActiveCfg = Release|Any CPU
		{A59921C9-B4D1-4D58-B42B-35010922323C}.Release|Any CPU.Build.0 = Release|Any CPU
	EndGlobalSection
EndGlobal
